<?xml version="1.0" encoding="utf-8"?>
<Project ToolsVersion="4.0" xmlns="http://schemas.microsoft.com/developer/msbuild/2003">
  <ItemGroup>
    <Filter Include="Source Files">
      <UniqueIdentifier>{4FC737F1-C7A5-4376-A066-2A32D752A2FF}</UniqueIdentifier>
      <Extensions>cpp;c;cc;cxx;c++;cppm;ixx;def;odl;idl;hpj;bat;asm;asmx</Extensions>
    </Filter>
    <Filter Include="Header Files">
      <UniqueIdentifier>{93995380-89BD-4b04-88EB-625FBE52EBFB}</UniqueIdentifier>
      <Extensions>h;hh;hpp;hxx;h++;hm;inl;inc;ipp;xsd</Extensions>
    </Filter>
    <Filter Include="Resource Files">
      <UniqueIdentifier>{67DA6AB6-F800-4c08-8B7A-83BB121AAD01}</UniqueIdentifier>
      <Extensions>rc;ico;cur;bmp;dlg;rc2;rct;bin;rgs;gif;jpg;jpeg;jpe;resx;tiff;tif;png;wav;mfcribbon-ms</Extensions>
    </Filter>
    <Filter Include="Source Files\Weapons">
      <UniqueIdentifier>{6ae5fb96-d903-46ca-81fd-1ce9d988ada1}</UniqueIdentifier>
    </Filter>
    <Filter Include="Source Files\Bullets">
      <UniqueIdentifier>{b65fb464-129c-4738-b5b0-2b1799c62828}</UniqueIdentifier>
    </Filter>
    <Filter Include="Source Files\Enemies">
      <UniqueIdentifier>{d3475ac6-e5ed-4194-ba0d-70ce4e17cc2b}</UniqueIdentifier>
    </Filter>
    <Filter Include="Source Files\Items">
      <UniqueIdentifier>{5cde59c1-8856-4853-8743-f933733ac6cd}</UniqueIdentifier>
    </Filter>
    <Filter Include="Source Files\Grenades">
      <UniqueIdentifier>{5c592240-76f6-41d2-9628-edaf970d3e18}</UniqueIdentifier>
    </Filter>
    <Filter Include="Source Files\Impacts">
      <UniqueIdentifier>{8a8a59b9-53d2-469c-b786-bb70d368808c}</UniqueIdentifier>
    </Filter>
    <Filter Include="Header Files\Bullets">
      <UniqueIdentifier>{b528f95f-0927-4cc8-9be0-c670a188cc91}</UniqueIdentifier>
    </Filter>
    <Filter Include="Header Files\Weapons">
      <UniqueIdentifier>{6674ec50-88b4-4e87-a0ce-8ccce38c15c4}</UniqueIdentifier>
    </Filter>
    <Filter Include="Header Files\Enemies">
      <UniqueIdentifier>{1753a5c0-d65c-4e08-84b1-e51ab23ff19b}</UniqueIdentifier>
    </Filter>
    <Filter Include="Header Files\Items">
      <UniqueIdentifier>{cc0b2b63-0bed-4b70-9e38-48e3778d05a0}</UniqueIdentifier>
    </Filter>
    <Filter Include="Header Files\Grenades">
      <UniqueIdentifier>{0ac4c97b-0868-4f1c-9924-73cb32c9504f}</UniqueIdentifier>
    </Filter>
    <Filter Include="Header Files\Impacts">
      <UniqueIdentifier>{9cde8e4b-bd97-4a2f-a709-a3a94b5d6b5e}</UniqueIdentifier>
    </Filter>
    <Filter Include="Source Files\StartScreen">
      <UniqueIdentifier>{22b592f1-6aad-41d6-8a31-ad08a7cfd276}</UniqueIdentifier>
    </Filter>
    <Filter Include="Header Files\StartScreen">
      <UniqueIdentifier>{2cfbc4d2-a8a7-4aaa-ac2b-2b33a2943c13}</UniqueIdentifier>
    </Filter>
    <Filter Include="Source Files\Settings">
      <UniqueIdentifier>{d7ce3993-c25c-4c32-ade5-e66a93d0d265}</UniqueIdentifier>
    </Filter>
    <Filter Include="Header Files\Settings">
      <UniqueIdentifier>{52e4cb5a-34ff-409e-891c-7ceb9288e6fc}</UniqueIdentifier>
    </Filter>
  </ItemGroup>
  <ItemGroup>
    <ClCompile Include="Game.cpp">
      <Filter>Source Files</Filter>
    </ClCompile>
    <ClCompile Include="main.cpp">
      <Filter>Source Files</Filter>
    </ClCompile>
    <ClCompile Include="pch.cpp">
      <Filter>Source Files</Filter>
    </ClCompile>
    <ClCompile Include="Avatar.cpp">
      <Filter>Source Files</Filter>
    </ClCompile>
    <ClCompile Include="Level.cpp">
      <Filter>Source Files</Filter>
    </ClCompile>
    <ClCompile Include="Camera.cpp">
      <Filter>Source Files</Filter>
    </ClCompile>
    <ClCompile Include="Wall.cpp">
      <Filter>Source Files</Filter>
    </ClCompile>
    <ClCompile Include="AutoRifle.cpp">
      <Filter>Source Files\Weapons</Filter>
    </ClCompile>
    <ClCompile Include="Needler.cpp">
      <Filter>Source Files\Weapons</Filter>
    </ClCompile>
    <ClCompile Include="BaseWeapon.cpp">
      <Filter>Source Files\Weapons</Filter>
    </ClCompile>
    <ClCompile Include="BaseBullet.cpp">
      <Filter>Source Files\Bullets</Filter>
    </ClCompile>
    <ClCompile Include="PlasmaPistol.cpp">
      <Filter>Source Files\Weapons</Filter>
    </ClCompile>
    <ClCompile Include="AutoRifleBullet.cpp">
      <Filter>Source Files\Bullets</Filter>
    </ClCompile>
    <ClCompile Include="PlasmaPistolBullet.cpp">
      <Filter>Source Files\Bullets</Filter>
    </ClCompile>
    <ClCompile Include="NeelderBullet.cpp">
      <Filter>Source Files\Bullets</Filter>
    </ClCompile>
    <ClCompile Include="BaseEnemy.cpp">
      <Filter>Source Files\Enemies</Filter>
    </ClCompile>
    <ClCompile Include="Covenant_LittleYellow.cpp">
      <Filter>Source Files\Enemies</Filter>
    </ClCompile>
    <ClCompile Include="Covenant_LittleRed.cpp">
      <Filter>Source Files\Enemies</Filter>
    </ClCompile>
    <ClCompile Include="StrongPlasmaPistolBullet.cpp">
      <Filter>Source Files\Bullets</Filter>
    </ClCompile>
    <ClCompile Include="PlasmaGrenadeObject.cpp">
      <Filter>Source Files\Items</Filter>
    </ClCompile>
    <ClCompile Include="MedKit.cpp">
      <Filter>Source Files\Items</Filter>
    </ClCompile>
    <ClCompile Include="BaseObject.cpp">
      <Filter>Source Files\Items</Filter>
    </ClCompile>
    <ClCompile Include="FragGrenade.cpp">
      <Filter>Source Files\Grenades</Filter>
    </ClCompile>
    <ClCompile Include="PlasmaGrenade.cpp">
      <Filter>Source Files\Grenades</Filter>
    </ClCompile>
    <ClCompile Include="BaseGrenade.cpp">
      <Filter>Source Files\Grenades</Filter>
    </ClCompile>
    <ClCompile Include="BulletImpactGreen.cpp">
      <Filter>Source Files\Impacts</Filter>
    </ClCompile>
    <ClCompile Include="BulletImpactPurple.cpp">
      <Filter>Source Files\Impacts</Filter>
    </ClCompile>
    <ClCompile Include="BulletImpactYellow.cpp">
      <Filter>Source Files\Impacts</Filter>
    </ClCompile>
    <ClCompile Include="Covenant_MediumBlueShield.cpp">
      <Filter>Source Files\Enemies</Filter>
    </ClCompile>
    <ClCompile Include="BulletImpactBlue.cpp">
      <Filter>Source Files\Impacts</Filter>
    </ClCompile>
    <ClCompile Include="PlasmaRifleBullet.cpp">
      <Filter>Source Files\Bullets</Filter>
    </ClCompile>
    <ClCompile Include="PlasmaRifle.cpp">
      <Filter>Source Files\Weapons</Filter>
    </ClCompile>
    <ClCompile Include="Covenant_MediumBlue.cpp">
      <Filter>Source Files\Enemies</Filter>
    </ClCompile>
    <ClCompile Include="Covenant_MediumRed.cpp">
      <Filter>Source Files\Enemies</Filter>
    </ClCompile>
    <ClCompile Include="bullet_impact_BigBlue.cpp">
      <Filter>Source Files\Impacts</Filter>
    </ClCompile>
    <ClCompile Include="BigBlueBullet.cpp">
      <Filter>Source Files\Bullets</Filter>
    </ClCompile>
    <ClCompile Include="BigBlueGun.cpp">
      <Filter>Source Files\Weapons</Filter>
    </ClCompile>
    <ClCompile Include="Covenant_BigBlue.cpp">
      <Filter>Source Files\Enemies</Filter>
    </ClCompile>
    <ClCompile Include="HUD.cpp">
      <Filter>Source Files</Filter>
    </ClCompile>
    <ClCompile Include="Marine.cpp">
      <Filter>Source Files</Filter>
    </ClCompile>
    <ClCompile Include="StartScreen.cpp">
      <Filter>Source Files\StartScreen</Filter>
    </ClCompile>
    <ClCompile Include="BaseButton.cpp">
      <Filter>Source Files\StartScreen</Filter>
    </ClCompile>
    <ClCompile Include="StartButton.cpp">
      <Filter>Source Files\StartScreen</Filter>
    </ClCompile>
    <ClCompile Include="OptionsButton.cpp">
      <Filter>Source Files\StartScreen</Filter>
    </ClCompile>
    <ClCompile Include="QuitButton.cpp">
      <Filter>Source Files\StartScreen</Filter>
    </ClCompile>
    <ClCompile Include="VolumeSetting.cpp">
      <Filter>Source Files\Settings</Filter>
    </ClCompile>
    <ClCompile Include="BaseSetting.cpp">
      <Filter>Source Files\Settings</Filter>
    </ClCompile>
    <ClCompile Include="Controls.cpp">
      <Filter>Source Files\Settings</Filter>
    </ClCompile>
    <ClCompile Include="Menu.cpp">
      <Filter>Source Files\Settings</Filter>
    </ClCompile>
    <ClCompile Include="BulletCasing.cpp">
      <Filter>Source Files</Filter>
    </ClCompile>
  </ItemGroup>
  <ItemGroup>
    <ClInclude Include="Game.h">
      <Filter>Header Files</Filter>
    </ClInclude>
    <ClInclude Include="pch.h">
      <Filter>Header Files</Filter>
    </ClInclude>
    <ClInclude Include="Avatar.h">
      <Filter>Header Files</Filter>
    </ClInclude>
    <ClInclude Include="Level.h">
      <Filter>Header Files</Filter>
    </ClInclude>
    <ClInclude Include="Camera.h">
      <Filter>Header Files</Filter>
    </ClInclude>
    <ClInclude Include="Wall.h">
      <Filter>Header Files</Filter>
    </ClInclude>
    <ClInclude Include="AutoRifleBullet.h">
      <Filter>Header Files\Bullets</Filter>
    </ClInclude>
    <ClInclude Include="NeedlerBullet.h">
      <Filter>Header Files\Bullets</Filter>
    </ClInclude>
    <ClInclude Include="StrongPlasmaPistolBullet.h">
      <Filter>Header Files\Bullets</Filter>
    </ClInclude>
    <ClInclude Include="PlasmaPistolBullet.h">
      <Filter>Header Files\Bullets</Filter>
    </ClInclude>
    <ClInclude Include="BaseBullet.h">
      <Filter>Header Files\Bullets</Filter>
    </ClInclude>
    <ClInclude Include="AutoRifle.h">
      <Filter>Header Files\Weapons</Filter>
    </ClInclude>
    <ClInclude Include="BaseWeapon.h">
      <Filter>Header Files\Weapons</Filter>
    </ClInclude>
    <ClInclude Include="PlasmaPistol.h">
      <Filter>Header Files\Weapons</Filter>
    </ClInclude>
    <ClInclude Include="Needler.h">
      <Filter>Header Files\Weapons</Filter>
    </ClInclude>
    <ClInclude Include="BaseEnemy.h">
      <Filter>Header Files\Enemies</Filter>
    </ClInclude>
    <ClInclude Include="Covenant_LittleYellow.h">
      <Filter>Header Files\Enemies</Filter>
    </ClInclude>
    <ClInclude Include="Covenant_LittleRed.h">
      <Filter>Header Files\Enemies</Filter>
    </ClInclude>
    <ClInclude Include="PlasmaGrenadeObject.h">
      <Filter>Header Files\Items</Filter>
    </ClInclude>
    <ClInclude Include="MedKit.h">
      <Filter>Header Files\Items</Filter>
    </ClInclude>
    <ClInclude Include="BaseObject.h">
      <Filter>Header Files\Items</Filter>
    </ClInclude>
    <ClInclude Include="PlasmaGrenade.h">
      <Filter>Header Files\Grenades</Filter>
    </ClInclude>
    <ClInclude Include="FragGrenade.h">
      <Filter>Header Files\Grenades</Filter>
    </ClInclude>
    <ClInclude Include="BaseGrenade.h">
      <Filter>Header Files\Grenades</Filter>
    </ClInclude>
    <ClInclude Include="BulletImpactGreen.h">
      <Filter>Header Files\Impacts</Filter>
    </ClInclude>
    <ClInclude Include="BulletImpactPurple.h">
      <Filter>Header Files\Impacts</Filter>
    </ClInclude>
    <ClInclude Include="BulletImpactYellow.h">
      <Filter>Header Files\Impacts</Filter>
    </ClInclude>
    <ClInclude Include="Covenant_MediumBlueShield.h">
      <Filter>Header Files\Enemies</Filter>
    </ClInclude>
    <ClInclude Include="BulletImpactBlue.h">
      <Filter>Header Files\Impacts</Filter>
    </ClInclude>
    <ClInclude Include="PlasmaRifleBullet.h">
      <Filter>Header Files\Bullets</Filter>
    </ClInclude>
    <ClInclude Include="PlasmaRifle.h">
      <Filter>Header Files\Weapons</Filter>
    </ClInclude>
    <ClInclude Include="Covenant_MediumBlue.h">
      <Filter>Header Files\Enemies</Filter>
    </ClInclude>
    <ClInclude Include="Covenant_MediumRed.h">
      <Filter>Header Files\Enemies</Filter>
    </ClInclude>
    <ClInclude Include="bullet_impact_BigBlue.h">
      <Filter>Header Files\Impacts</Filter>
    </ClInclude>
    <ClInclude Include="BigBlueBullet.h">
      <Filter>Header Files\Bullets</Filter>
    </ClInclude>
    <ClInclude Include="BigBlueGun.h">
      <Filter>Header Files\Weapons</Filter>
    </ClInclude>
    <ClInclude Include="Covenant_BigBlue.h">
      <Filter>Header Files\Enemies</Filter>
    </ClInclude>
    <ClInclude Include="HUD.h">
      <Filter>Header Files</Filter>
    </ClInclude>
    <ClInclude Include="Marine.h">
      <Filter>Header Files</Filter>
    </ClInclude>
    <ClInclude Include="StartScreen.h">
      <Filter>Header Files\StartScreen</Filter>
    </ClInclude>
    <ClInclude Include="BaseButton.h">
      <Filter>Header Files\StartScreen</Filter>
    </ClInclude>
    <ClInclude Include="StartButton.h">
      <Filter>Header Files\StartScreen</Filter>
    </ClInclude>
    <ClInclude Include="OptionsButton.h">
      <Filter>Header Files\StartScreen</Filter>
    </ClInclude>
    <ClInclude Include="QuitButton.h">
      <Filter>Header Files\StartScreen</Filter>
    </ClInclude>
    <ClInclude Include="BaseSetting.h">
      <Filter>Header Files\Settings</Filter>
    </ClInclude>
    <ClInclude Include="VolumeSetting.h">
      <Filter>Header Files\Settings</Filter>
    </ClInclude>
    <ClInclude Include="Controls.h">
      <Filter>Header Files\Settings</Filter>
    </ClInclude>
    <ClInclude Include="Menu.h">
      <Filter>Header Files\Settings</Filter>
    </ClInclude>
    <ClInclude Include="BulletCasing.h">
      <Filter>Header Files</Filter>
    </ClInclude>
  </ItemGroup>
</Project>